
Microsoft Visual Studio Solution File, Format Version 12.00
# Visual Studio Version 16
VisualStudioVersion = 16.0.31424.327
MinimumVisualStudioVersion = 10.0.40219.1
Project("{FAE04EC0-301F-11D3-BF4B-00C04F79EFBC}") = "more_logic_and_methods", "more_logic_and_methods\more_logic_and_methods.csproj", "{741FC6AF-4B13-4146-A162-D7853579EF8D}"
EndProject
Global
	GlobalSection(SolutionConfigurationPlatforms) = preSolution
		Debug|Any CPU = Debug|Any CPU
		Release|Any CPU = Release|Any CPU
	EndGlobalSection
	GlobalSection(ProjectConfigurationPlatforms) = postSolution
		{741FC6AF-4B13-4146-A162-D7853579EF8D}.Debug|Any CPU.ActiveCfg = Debug|Any CPU
		{741FC6AF-4B13-4146-A162-D7853579EF8D}.Debug|Any CPU.Build.0 = Debug|Any CPU
		{741FC6AF-4B13-4146-A162-D7853579EF8D}.Release|Any CPU.ActiveCfg = Release|Any CPU
		{741FC6AF-4B13-4146-A162-D7853579EF8D}.Release|Any CPU.Build.0 = Release|Any CPU
	EndGlobalSection
	GlobalSection(SolutionProperties) = preSolution
		HideSolutionNode = FALSE
	EndGlobalSection
	GlobalSection(ExtensibilityGlobals) = postSolution
		SolutionGuid = {19E947C7-08BC-443C-8957-5985F92CE92E}
	EndGlobalSection
EndGlobal
